
Microsoft Visual Studio Solution File, Format Version 12.00
# Visual Studio Version 17
VisualStudioVersion = 17.7.34202.233
MinimumVisualStudioVersion = 10.0.40219.1
Project("{9A19103F-16F7-4668-BE54-9A1E7A4F7556}") = "pr01", "pr01\pr01.csproj", "{86B0DD75-C7D8-4AEB-AE87-AC56B75147B4}"
EndProject
Project("{9A19103F-16F7-4668-BE54-9A1E7A4F7556}") = "pr02", "pr02\pr02.csproj", "{86026417-CE26-4999-9B02-922EE2C8765F}"
EndProject
Project("{9A19103F-16F7-4668-BE54-9A1E7A4F7556}") = "pr03", "pr03\pr03.csproj", "{F6399625-7744-44F6-ABA7-02902D835644}"
EndProject
Project("{9A19103F-16F7-4668-BE54-9A1E7A4F7556}") = "pr04", "pr04\pr04.csproj", "{161B97AC-C7C3-4320-939B-CA30BDD6DA0D}"
EndProject
Project("{9A19103F-16F7-4668-BE54-9A1E7A4F7556}") = "pr05", "pr05\pr05.csproj", "{CF39447F-3F20-4B72-A21F-C2AE496EFCCA}"
EndProject
Project("{9A19103F-16F7-4668-BE54-9A1E7A4F7556}") = "pr06", "pr06\pr06.csproj", "{97639951-6D93-4CB8-A6FF-5951B2E448ED}"
EndProject
Project("{9A19103F-16F7-4668-BE54-9A1E7A4F7556}") = "pr07", "pr07\pr07.csproj", "{058A5B9C-10D3-46E5-A866-7B822C992AAA}"
EndProject
Project("{9A19103F-16F7-4668-BE54-9A1E7A4F7556}") = "pr08", "pr08\pr08.csproj", "{60B56886-AB3F-4388-A97B-011766408971}"
EndProject
Project("{9A19103F-16F7-4668-BE54-9A1E7A4F7556}") = "pr09", "pr09\pr09.csproj", "{6AF928F6-43E4-42F8-8FA1-D4D5FB1451BA}"
EndProject
Project("{9A19103F-16F7-4668-BE54-9A1E7A4F7556}") = "pr10", "pr10\pr10.csproj", "{3ECEA3D7-3A64-45CC-9EB3-0FD385B594C0}"
EndProject
Project("{9A19103F-16F7-4668-BE54-9A1E7A4F7556}") = "pr11", "pr11\pr11.csproj", "{289F1802-93F9-4C40-8F2E-B7BB69AE05E9}"
EndProject
Project("{9A19103F-16F7-4668-BE54-9A1E7A4F7556}") = "pr12", "pr12\pr12.csproj", "{84126A25-A95E-4072-A097-74E78E282EF1}"
EndProject
Project("{9A19103F-16F7-4668-BE54-9A1E7A4F7556}") = "pr13", "pr13\pr13.csproj", "{6D5DFB66-DCB4-4AA2-8081-EE840D91E867}"
EndProject
Project("{9A19103F-16F7-4668-BE54-9A1E7A4F7556}") = "pr14", "pr14\pr14.csproj", "{EE133FAA-7A25-4A31-BB23-79528A49D940}"
EndProject
Project("{9A19103F-16F7-4668-BE54-9A1E7A4F7556}") = "pr17", "pr17\pr17.csproj", "{76605C29-C68F-4C82-88BC-C2596B480D85}"
EndProject
Project("{9A19103F-16F7-4668-BE54-9A1E7A4F7556}") = "pr16", "pr16\pr16.csproj", "{ED1A64AC-8D2B-4AD9-BF5B-1BA63C77DF06}"
EndProject
Project("{9A19103F-16F7-4668-BE54-9A1E7A4F7556}") = "pr15", "pr15\pr15.csproj", "{52970A9B-0966-498D-A087-45B9C8F8D418}"
EndProject
Project("{9A19103F-16F7-4668-BE54-9A1E7A4F7556}") = "pr18", "pr18\pr18.csproj", "{DD2C84AC-9AFF-423E-BDC9-7ED0E565B7F2}"
EndProject
Project("{9A19103F-16F7-4668-BE54-9A1E7A4F7556}") = "pr19", "pr19\pr19.csproj", "{AA835120-D1AE-434F-8929-4C6C66925509}"
EndProject
Project("{9A19103F-16F7-4668-BE54-9A1E7A4F7556}") = "pr20", "pr20\pr20.csproj", "{2C0AB61C-2E41-44BE-B696-E07BED2A0A09}"
EndProject
Project("{FAE04EC0-301F-11D3-BF4B-00C04F79EFBC}") = "pr21", "pr21\pr21.csproj", "{C2E7B9A7-E9A0-4733-908B-AE8C6D4DDFDE}"
EndProject
Project("{FAE04EC0-301F-11D3-BF4B-00C04F79EFBC}") = "pr22", "pr22\pr22.csproj", "{07F76B35-289B-4608-8517-6F5FAFAB2303}"
EndProject
Project("{FAE04EC0-301F-11D3-BF4B-00C04F79EFBC}") = "pr23", "pr23\pr23.csproj", "{E3601E2B-0E27-4911-999A-8422428FE920}"
EndProject
Project("{FAE04EC0-301F-11D3-BF4B-00C04F79EFBC}") = "pr24", "pr24\pr24.csproj", "{05C16F45-FB58-4E10-8AD8-A53FA367053D}"
EndProject
Global
	GlobalSection(SolutionConfigurationPlatforms) = preSolution
		Debug|Any CPU = Debug|Any CPU
		Release|Any CPU = Release|Any CPU
	EndGlobalSection
	GlobalSection(ProjectConfigurationPlatforms) = postSolution
		{86B0DD75-C7D8-4AEB-AE87-AC56B75147B4}.Debug|Any CPU.ActiveCfg = Debug|Any CPU
		{86B0DD75-C7D8-4AEB-AE87-AC56B75147B4}.Debug|Any CPU.Build.0 = Debug|Any CPU
		{86B0DD75-C7D8-4AEB-AE87-AC56B75147B4}.Release|Any CPU.ActiveCfg = Release|Any CPU
		{86B0DD75-C7D8-4AEB-AE87-AC56B75147B4}.Release|Any CPU.Build.0 = Release|Any CPU
		{86026417-CE26-4999-9B02-922EE2C8765F}.Debug|Any CPU.ActiveCfg = Debug|Any CPU
		{86026417-CE26-4999-9B02-922EE2C8765F}.Debug|Any CPU.Build.0 = Debug|Any CPU
		{86026417-CE26-4999-9B02-922EE2C8765F}.Release|Any CPU.ActiveCfg = Release|Any CPU
		{86026417-CE26-4999-9B02-922EE2C8765F}.Release|Any CPU.Build.0 = Release|Any CPU
		{F6399625-7744-44F6-ABA7-02902D835644}.Debug|Any CPU.ActiveCfg = Debug|Any CPU
		{F6399625-7744-44F6-ABA7-02902D835644}.Debug|Any CPU.Build.0 = Debug|Any CPU
		{F6399625-7744-44F6-ABA7-02902D835644}.Release|Any CPU.ActiveCfg = Release|Any CPU
		{F6399625-7744-44F6-ABA7-02902D835644}.Release|Any CPU.Build.0 = Release|Any CPU
		{161B97AC-C7C3-4320-939B-CA30BDD6DA0D}.Debug|Any CPU.ActiveCfg = Debug|Any CPU
		{161B97AC-C7C3-4320-939B-CA30BDD6DA0D}.Debug|Any CPU.Build.0 = Debug|Any CPU
		{161B97AC-C7C3-4320-939B-CA30BDD6DA0D}.Release|Any CPU.ActiveCfg = Release|Any CPU
		{161B97AC-C7C3-4320-939B-CA30BDD6DA0D}.Release|Any CPU.Build.0 = Release|Any CPU
		{CF39447F-3F20-4B72-A21F-C2AE496EFCCA}.Debug|Any CPU.ActiveCfg = Debug|Any CPU
		{CF39447F-3F20-4B72-A21F-C2AE496EFCCA}.Debug|Any CPU.Build.0 = Debug|Any CPU
		{CF39447F-3F20-4B72-A21F-C2AE496EFCCA}.Release|Any CPU.ActiveCfg = Release|Any CPU
		{CF39447F-3F20-4B72-A21F-C2AE496EFCCA}.Release|Any CPU.Build.0 = Release|Any CPU
		{97639951-6D93-4CB8-A6FF-5951B2E448ED}.Debug|Any CPU.ActiveCfg = Debug|Any CPU
		{97639951-6D93-4CB8-A6FF-5951B2E448ED}.Debug|Any CPU.Build.0 = Debug|Any CPU
		{97639951-6D93-4CB8-A6FF-5951B2E448ED}.Release|Any CPU.ActiveCfg = Release|Any CPU
		{97639951-6D93-4CB8-A6FF-5951B2E448ED}.Release|Any CPU.Build.0 = Release|Any CPU
		{058A5B9C-10D3-46E5-A866-7B822C992AAA}.Debug|Any CPU.ActiveCfg = Debug|Any CPU
		{058A5B9C-10D3-46E5-A866-7B822C992AAA}.Debug|Any CPU.Build.0 = Debug|Any CPU
		{058A5B9C-10D3-46E5-A866-7B822C992AAA}.Release|Any CPU.ActiveCfg = Release|Any CPU
		{058A5B9C-10D3-46E5-A866-7B822C992AAA}.Release|Any CPU.Build.0 = Release|Any CPU
		{60B56886-AB3F-4388-A97B-011766408971}.Debug|Any CPU.ActiveCfg = Debug|Any CPU
		{60B56886-AB3F-4388-A97B-011766408971}.Debug|Any CPU.Build.0 = Debug|Any CPU
		{60B56886-AB3F-4388-A97B-011766408971}.Release|Any CPU.ActiveCfg = Release|Any CPU
		{60B56886-AB3F-4388-A97B-011766408971}.Release|Any CPU.Build.0 = Release|Any CPU
		{6AF928F6-43E4-42F8-8FA1-D4D5FB1451BA}.Debug|Any CPU.ActiveCfg = Debug|Any CPU
		{6AF928F6-43E4-42F8-8FA1-D4D5FB1451BA}.Debug|Any CPU.Build.0 = Debug|Any CPU
		{6AF928F6-43E4-42F8-8FA1-D4D5FB1451BA}.Release|Any CPU.ActiveCfg = Release|Any CPU
		{6AF928F6-43E4-42F8-8FA1-D4D5FB1451BA}.Release|Any CPU.Build.0 = Release|Any CPU
		{3ECEA3D7-3A64-45CC-9EB3-0FD385B594C0}.Debug|Any CPU.ActiveCfg = Debug|Any CPU
		{3ECEA3D7-3A64-45CC-9EB3-0FD385B594C0}.Debug|Any CPU.Build.0 = Debug|Any CPU
		{3ECEA3D7-3A64-45CC-9EB3-0FD385B594C0}.Release|Any CPU.ActiveCfg = Release|Any CPU
		{3ECEA3D7-3A64-45CC-9EB3-0FD385B594C0}.Release|Any CPU.Build.0 = Release|Any CPU
		{289F1802-93F9-4C40-8F2E-B7BB69AE05E9}.Debug|Any CPU.ActiveCfg = Debug|Any CPU
		{289F1802-93F9-4C40-8F2E-B7BB69AE05E9}.Debug|Any CPU.Build.0 = Debug|Any CPU
		{289F1802-93F9-4C40-8F2E-B7BB69AE05E9}.Release|Any CPU.ActiveCfg = Release|Any CPU
		{289F1802-93F9-4C40-8F2E-B7BB69AE05E9}.Release|Any CPU.Build.0 = Release|Any CPU
		{84126A25-A95E-4072-A097-74E78E282EF1}.Debug|Any CPU.ActiveCfg = Debug|Any CPU
		{84126A25-A95E-4072-A097-74E78E282EF1}.Debug|Any CPU.Build.0 = Debug|Any CPU
		{84126A25-A95E-4072-A097-74E78E282EF1}.Release|Any CPU.ActiveCfg = Release|Any CPU
		{84126A25-A95E-4072-A097-74E78E282EF1}.Release|Any CPU.Build.0 = Release|Any CPU
		{6D5DFB66-DCB4-4AA2-8081-EE840D91E867}.Debug|Any CPU.ActiveCfg = Debug|Any CPU
		{6D5DFB66-DCB4-4AA2-8081-EE840D91E867}.Debug|Any CPU.Build.0 = Debug|Any CPU
		{6D5DFB66-DCB4-4AA2-8081-EE840D91E867}.Release|Any CPU.ActiveCfg = Release|Any CPU
		{6D5DFB66-DCB4-4AA2-8081-EE840D91E867}.Release|Any CPU.Build.0 = Release|Any CPU
		{EE133FAA-7A25-4A31-BB23-79528A49D940}.Debug|Any CPU.ActiveCfg = Debug|Any CPU
		{EE133FAA-7A25-4A31-BB23-79528A49D940}.Debug|Any CPU.Build.0 = Debug|Any CPU
		{EE133FAA-7A25-4A31-BB23-79528A49D940}.Release|Any CPU.ActiveCfg = Release|Any CPU
		{EE133FAA-7A25-4A31-BB23-79528A49D940}.Release|Any CPU.Build.0 = Release|Any CPU
		{76605C29-C68F-4C82-88BC-C2596B480D85}.Debug|Any CPU.ActiveCfg = Debug|Any CPU
		{76605C29-C68F-4C82-88BC-C2596B480D85}.Debug|Any CPU.Build.0 = Debug|Any CPU
		{76605C29-C68F-4C82-88BC-C2596B480D85}.Release|Any CPU.ActiveCfg = Release|Any CPU
		{76605C29-C68F-4C82-88BC-C2596B480D85}.Release|Any CPU.Build.0 = Release|Any CPU
		{ED1A64AC-8D2B-4AD9-BF5B-1BA63C77DF06}.Debug|Any CPU.ActiveCfg = Debug|Any CPU
		{ED1A64AC-8D2B-4AD9-BF5B-1BA63C77DF06}.Debug|Any CPU.Build.0 = Debug|Any CPU
		{ED1A64AC-8D2B-4AD9-BF5B-1BA63C77DF06}.Release|Any CPU.ActiveCfg = Release|Any CPU
		{ED1A64AC-8D2B-4AD9-BF5B-1BA63C77DF06}.Release|Any CPU.Build.0 = Release|Any CPU
		{52970A9B-0966-498D-A087-45B9C8F8D418}.Debug|Any CPU.ActiveCfg = Debug|Any CPU
		{52970A9B-0966-498D-A087-45B9C8F8D418}.Debug|Any CPU.Build.0 = Debug|Any CPU
		{52970A9B-0966-498D-A087-45B9C8F8D418}.Release|Any CPU.ActiveCfg = Release|Any CPU
		{52970A9B-0966-498D-A087-45B9C8F8D418}.Release|Any CPU.Build.0 = Release|Any CPU
		{DD2C84AC-9AFF-423E-BDC9-7ED0E565B7F2}.Debug|Any CPU.ActiveCfg = Debug|Any CPU
		{DD2C84AC-9AFF-423E-BDC9-7ED0E565B7F2}.Debug|Any CPU.Build.0 = Debug|Any CPU
		{DD2C84AC-9AFF-423E-BDC9-7ED0E565B7F2}.Release|Any CPU.ActiveCfg = Release|Any CPU
		{DD2C84AC-9AFF-423E-BDC9-7ED0E565B7F2}.Release|Any CPU.Build.0 = Release|Any CPU
		{AA835120-D1AE-434F-8929-4C6C66925509}.Debug|Any CPU.ActiveCfg = Debug|Any CPU
		{AA835120-D1AE-434F-8929-4C6C66925509}.Debug|Any CPU.Build.0 = Debug|Any CPU
		{AA835120-D1AE-434F-8929-4C6C66925509}.Release|Any CPU.ActiveCfg = Release|Any CPU
		{AA835120-D1AE-434F-8929-4C6C66925509}.Release|Any CPU.Build.0 = Release|Any CPU
		{2C0AB61C-2E41-44BE-B696-E07BED2A0A09}.Debug|Any CPU.ActiveCfg = Debug|Any CPU
		{2C0AB61C-2E41-44BE-B696-E07BED2A0A09}.Debug|Any CPU.Build.0 = Debug|Any CPU
		{2C0AB61C-2E41-44BE-B696-E07BED2A0A09}.Release|Any CPU.ActiveCfg = Release|Any CPU
		{2C0AB61C-2E41-44BE-B696-E07BED2A0A09}.Release|Any CPU.Build.0 = Release|Any CPU
		{C2E7B9A7-E9A0-4733-908B-AE8C6D4DDFDE}.Debug|Any CPU.ActiveCfg = Debug|Any CPU
		{C2E7B9A7-E9A0-4733-908B-AE8C6D4DDFDE}.Debug|Any CPU.Build.0 = Debug|Any CPU
		{C2E7B9A7-E9A0-4733-908B-AE8C6D4DDFDE}.Release|Any CPU.ActiveCfg = Release|Any CPU
		{C2E7B9A7-E9A0-4733-908B-AE8C6D4DDFDE}.Release|Any CPU.Build.0 = Release|Any CPU
		{07F76B35-289B-4608-8517-6F5FAFAB2303}.Debug|Any CPU.ActiveCfg = Debug|Any CPU
		{07F76B35-289B-4608-8517-6F5FAFAB2303}.Debug|Any CPU.Build.0 = Debug|Any CPU
		{07F76B35-289B-4608-8517-6F5FAFAB2303}.Release|Any CPU.ActiveCfg = Release|Any CPU
		{07F76B35-289B-4608-8517-6F5FAFAB2303}.Release|Any CPU.Build.0 = Release|Any CPU
		{E3601E2B-0E27-4911-999A-8422428FE920}.Debug|Any CPU.ActiveCfg = Debug|Any CPU
		{E3601E2B-0E27-4911-999A-8422428FE920}.Debug|Any CPU.Build.0 = Debug|Any CPU
		{E3601E2B-0E27-4911-999A-8422428FE920}.Release|Any CPU.ActiveCfg = Release|Any CPU
		{E3601E2B-0E27-4911-999A-8422428FE920}.Release|Any CPU.Build.0 = Release|Any CPU
		{05C16F45-FB58-4E10-8AD8-A53FA367053D}.Debug|Any CPU.ActiveCfg = Debug|Any CPU
		{05C16F45-FB58-4E10-8AD8-A53FA367053D}.Debug|Any CPU.Build.0 = Debug|Any CPU
		{05C16F45-FB58-4E10-8AD8-A53FA367053D}.Release|Any CPU.ActiveCfg = Release|Any CPU
		{05C16F45-FB58-4E10-8AD8-A53FA367053D}.Release|Any CPU.Build.0 = Release|Any CPU
	EndGlobalSection
	GlobalSection(SolutionProperties) = preSolution
		HideSolutionNode = FALSE
	EndGlobalSection
	GlobalSection(ExtensibilityGlobals) = postSolution
		SolutionGuid = {ACEBD1D2-F5BE-41EA-8034-A81ACB7A3AF7}
	EndGlobalSection
EndGlobal
