
Microsoft Visual Studio Solution File, Format Version 12.00
# Visual Studio Version 17
VisualStudioVersion = 17.7.34202.233
MinimumVisualStudioVersion = 10.0.40219.1
Project("{9A19103F-16F7-4668-BE54-9A1E7A4F7556}") = "pr01", "pr01\pr01.csproj", "{86B0DD75-C7D8-4AEB-AE87-AC56B75147B4}"
EndProject

Global
	GlobalSection(SolutionConfigurationPlatforms) = preSolution
		Debug|Any CPU = Debug|Any CPU
		Release|Any CPU = Release|Any CPU
	EndGlobalSection
	GlobalSection(ProjectConfigurationPlatforms) = postSolution
		{86B0DD75-C7D8-4AEB-AE87-AC56B75147B4}.Debug|Any CPU.ActiveCfg = Debug|Any CPU
		{86B0DD75-C7D8-4AEB-AE87-AC56B75147B4}.Debug|Any CPU.Build.0 = Debug|Any CPU
		{86B0DD75-C7D8-4AEB-AE87-AC56B75147B4}.Release|Any CPU.ActiveCfg = Release|Any CPU
		{86B0DD75-C7D8-4AEB-AE87-AC56B75147B4}.Release|Any CPU.Build.0 = Release|Any CPU
	EndGlobalSection
	GlobalSection(SolutionProperties) = preSolution
		HideSolutionNode = FALSE
	EndGlobalSection
	GlobalSection(ExtensibilityGlobals) = postSolution
		SolutionGuid = {ACEBD1D2-F5BE-41EA-8034-A81ACB7A3AF7}
	EndGlobalSection
EndGlobal
