
Microsoft Visual Studio Solution File, Format Version 12.00
# Visual Studio Version 17
VisualStudioVersion = 17.7.34202.233
MinimumVisualStudioVersion = 10.0.40219.1
Project("{9A19103F-16F7-4668-BE54-9A1E7A4F7556}") = "pr01", "pr01\pr01.csproj", "{86B0DD75-C7D8-4AEB-AE87-AC56B75147B4}"
EndProject
Project("{9A19103F-16F7-4668-BE54-9A1E7A4F7556}") = "pr02", "pr02\pr02.csproj", "{86026417-CE26-4999-9B02-922EE2C8765F}"
EndProject
Project("{9A19103F-16F7-4668-BE54-9A1E7A4F7556}") = "pr03", "pr03\pr03.csproj", "{F6399625-7744-44F6-ABA7-02902D835644}"
EndProject
Project("{FAE04EC0-301F-11D3-BF4B-00C04F79EFBC}") = "pr04", "pr04\pr04.csproj", "{161B97AC-C7C3-4320-939B-CA30BDD6DA0D}"
EndProject
Global
	GlobalSection(SolutionConfigurationPlatforms) = preSolution
		Debug|Any CPU = Debug|Any CPU
		Release|Any CPU = Release|Any CPU
	EndGlobalSection
	GlobalSection(ProjectConfigurationPlatforms) = postSolution
		{86B0DD75-C7D8-4AEB-AE87-AC56B75147B4}.Debug|Any CPU.ActiveCfg = Debug|Any CPU
		{86B0DD75-C7D8-4AEB-AE87-AC56B75147B4}.Debug|Any CPU.Build.0 = Debug|Any CPU
		{86B0DD75-C7D8-4AEB-AE87-AC56B75147B4}.Release|Any CPU.ActiveCfg = Release|Any CPU
		{86B0DD75-C7D8-4AEB-AE87-AC56B75147B4}.Release|Any CPU.Build.0 = Release|Any CPU
		{86026417-CE26-4999-9B02-922EE2C8765F}.Debug|Any CPU.ActiveCfg = Debug|Any CPU
		{86026417-CE26-4999-9B02-922EE2C8765F}.Debug|Any CPU.Build.0 = Debug|Any CPU
		{86026417-CE26-4999-9B02-922EE2C8765F}.Release|Any CPU.ActiveCfg = Release|Any CPU
		{86026417-CE26-4999-9B02-922EE2C8765F}.Release|Any CPU.Build.0 = Release|Any CPU
		{F6399625-7744-44F6-ABA7-02902D835644}.Debug|Any CPU.ActiveCfg = Debug|Any CPU
		{F6399625-7744-44F6-ABA7-02902D835644}.Debug|Any CPU.Build.0 = Debug|Any CPU
		{F6399625-7744-44F6-ABA7-02902D835644}.Release|Any CPU.ActiveCfg = Release|Any CPU
		{F6399625-7744-44F6-ABA7-02902D835644}.Release|Any CPU.Build.0 = Release|Any CPU
		{161B97AC-C7C3-4320-939B-CA30BDD6DA0D}.Debug|Any CPU.ActiveCfg = Debug|Any CPU
		{161B97AC-C7C3-4320-939B-CA30BDD6DA0D}.Debug|Any CPU.Build.0 = Debug|Any CPU
		{161B97AC-C7C3-4320-939B-CA30BDD6DA0D}.Release|Any CPU.ActiveCfg = Release|Any CPU
		{161B97AC-C7C3-4320-939B-CA30BDD6DA0D}.Release|Any CPU.Build.0 = Release|Any CPU
	EndGlobalSection
	GlobalSection(SolutionProperties) = preSolution
		HideSolutionNode = FALSE
	EndGlobalSection
	GlobalSection(ExtensibilityGlobals) = postSolution
		SolutionGuid = {ACEBD1D2-F5BE-41EA-8034-A81ACB7A3AF7}
	EndGlobalSection
EndGlobal
